
Microsoft Visual Studio Solution File, Format Version 12.00
# Visual Studio Version 17
VisualStudioVersion = 17.14.36717.8 d17.14
MinimumVisualStudioVersion = 10.0.40219.1
Project("{8BC9CEB8-8B4A-11D0-8D11-00A0C91BC942}") = "Test_prep", "Test_prep.vcxproj", "{FBEE24F2-6A92-4134-BF26-7F0B73470164}"
EndProject
Global
	GlobalSection(SolutionConfigurationPlatforms) = preSolution
		Debug|x64 = Debug|x64
		Debug|x86 = Debug|x86
		Release|x64 = Release|x64
		Release|x86 = Release|x86
	EndGlobalSection
	GlobalSection(ProjectConfigurationPlatforms) = postSolution
		{FBEE24F2-6A92-4134-BF26-7F0B73470164}.Debug|x64.ActiveCfg = Debug|x64
		{FBEE24F2-6A92-4134-BF26-7F0B73470164}.Debug|x64.Build.0 = Debug|x64
		{FBEE24F2-6A92-4134-BF26-7F0B73470164}.Debug|x86.ActiveCfg = Debug|Win32
		{FBEE24F2-6A92-4134-BF26-7F0B73470164}.Debug|x86.Build.0 = Debug|Win32
		{FBEE24F2-6A92-4134-BF26-7F0B73470164}.Release|x64.ActiveCfg = Release|x64
		{FBEE24F2-6A92-4134-BF26-7F0B73470164}.Release|x64.Build.0 = Release|x64
		{FBEE24F2-6A92-4134-BF26-7F0B73470164}.Release|x86.ActiveCfg = Release|Win32
		{FBEE24F2-6A92-4134-BF26-7F0B73470164}.Release|x86.Build.0 = Release|Win32
	EndGlobalSection
	GlobalSection(SolutionProperties) = preSolution
		HideSolutionNode = FALSE
	EndGlobalSection
	GlobalSection(ExtensibilityGlobals) = postSolution
		SolutionGuid = {3805C5A5-BCAA-4FE1-B721-D770F366CFB0}
	EndGlobalSection
EndGlobal
